
Microsoft Visual Studio Solution File, Format Version 12.00
# Visual Studio Version 16
VisualStudioVersion = 16.0.30225.117
MinimumVisualStudioVersion = 10.0.40219.1
Project("{9A19103F-16F7-4668-BE54-9A1E7A4F7556}") = "WatchIt.API", "WatchIt.API\WatchIt.API.csproj", "{0389FEE0-B051-44A6-BD6F-5DF23392BB29}"
EndProject
Project("{FAE04EC0-301F-11D3-BF4B-00C04F79EFBC}") = "WatchIt.MoviesImportingConsole", "WatchIt.MoviesImportingConsole\WatchIt.MoviesImportingConsole.csproj", "{A9B00252-02D4-44FD-BA70-CEAC2CAE2B0E}"
EndProject
Global
	GlobalSection(SolutionConfigurationPlatforms) = preSolution
		Debug|Any CPU = Debug|Any CPU
		Release|Any CPU = Release|Any CPU
	EndGlobalSection
	GlobalSection(ProjectConfigurationPlatforms) = postSolution
		{0389FEE0-B051-44A6-BD6F-5DF23392BB29}.Debug|Any CPU.ActiveCfg = Debug|Any CPU
		{0389FEE0-B051-44A6-BD6F-5DF23392BB29}.Debug|Any CPU.Build.0 = Debug|Any CPU
		{0389FEE0-B051-44A6-BD6F-5DF23392BB29}.Release|Any CPU.ActiveCfg = Release|Any CPU
		{0389FEE0-B051-44A6-BD6F-5DF23392BB29}.Release|Any CPU.Build.0 = Release|Any CPU
		{A9B00252-02D4-44FD-BA70-CEAC2CAE2B0E}.Debug|Any CPU.ActiveCfg = Debug|Any CPU
		{A9B00252-02D4-44FD-BA70-CEAC2CAE2B0E}.Debug|Any CPU.Build.0 = Debug|Any CPU
		{A9B00252-02D4-44FD-BA70-CEAC2CAE2B0E}.Release|Any CPU.ActiveCfg = Release|Any CPU
		{A9B00252-02D4-44FD-BA70-CEAC2CAE2B0E}.Release|Any CPU.Build.0 = Release|Any CPU
	EndGlobalSection
	GlobalSection(SolutionProperties) = preSolution
		HideSolutionNode = FALSE
	EndGlobalSection
	GlobalSection(ExtensibilityGlobals) = postSolution
		SolutionGuid = {FE7C526B-4D05-4EDD-9AB6-394739A6A678}
	EndGlobalSection
EndGlobal
